<?xml version="1.0" encoding="utf-8"?>
<Project ToolsVersion="4.0" xmlns="http://schemas.microsoft.com/developer/msbuild/2003">
  <ItemGroup>
    <Filter Include="源文件">
      <UniqueIdentifier>{4FC737F1-C7A5-4376-A066-2A32D752A2FF}</UniqueIdentifier>
      <Extensions>cpp;c;cc;cxx;c++;cppm;ixx;def;odl;idl;hpj;bat;asm;asmx</Extensions>
    </Filter>
    <Filter Include="头文件">
      <UniqueIdentifier>{93995380-89BD-4b04-88EB-625FBE52EBFB}</UniqueIdentifier>
      <Extensions>h;hh;hpp;hxx;h++;hm;inl;inc;ipp;xsd</Extensions>
    </Filter>
    <Filter Include="资源文件">
      <UniqueIdentifier>{67DA6AB6-F800-4c08-8B7A-83BB121AAD01}</UniqueIdentifier>
      <Extensions>rc;ico;cur;bmp;dlg;rc2;rct;bin;rgs;gif;jpg;jpeg;jpe;resx;tiff;tif;png;wav;mfcribbon-ms</Extensions>
    </Filter>
    <Filter Include="源文件\core">
      <UniqueIdentifier>{53101bac-a766-44a3-a6c4-a223595ded23}</UniqueIdentifier>
    </Filter>
    <Filter Include="源文件\utils">
      <UniqueIdentifier>{70b939ab-1772-4b95-a1fc-e752218eb62d}</UniqueIdentifier>
    </Filter>
    <Filter Include="头文件\core">
      <UniqueIdentifier>{f864b0dc-61c1-477b-940b-f4e696135208}</UniqueIdentifier>
    </Filter>
    <Filter Include="头文件\utils">
      <UniqueIdentifier>{c890a7de-b006-44b7-9ace-c59d041e1436}</UniqueIdentifier>
    </Filter>
    <Filter Include="头文件\clBLAS">
      <UniqueIdentifier>{22605f65-1dce-41f9-bc92-d53f90448593}</UniqueIdentifier>
    </Filter>
    <Filter Include="源文件\clBLAS">
      <UniqueIdentifier>{5cd5681f-510f-410f-8cf4-8fed655e16ef}</UniqueIdentifier>
    </Filter>
  </ItemGroup>
  <ItemGroup>
    <ClCompile Include="src\core\Vector_multiply.cpp">
      <Filter>源文件\core</Filter>
    </ClCompile>
    <ClCompile Include="src\core\PlatAndDevice.cpp">
      <Filter>源文件\core</Filter>
    </ClCompile>
    <ClCompile Include="src\core\Vector_Add.cpp">
      <Filter>源文件\core</Filter>
    </ClCompile>
    <ClCompile Include="src\utils\file.cpp">
      <Filter>源文件\utils</Filter>
    </ClCompile>
    <ClCompile Include="src\utils\time_chrono.cpp">
      <Filter>源文件\utils</Filter>
    </ClCompile>
    <ClCompile Include="src\main.cpp">
      <Filter>源文件</Filter>
    </ClCompile>
    <ClCompile Include="src\opencl_1.cpp">
      <Filter>源文件</Filter>
    </ClCompile>
    <ClCompile Include="Vector_multiplay_normal.cpp">
      <Filter>源文件\core</Filter>
    </ClCompile>
    <ClCompile Include="include\includeALL.h">
      <Filter>头文件</Filter>
    </ClCompile>
    <ClCompile Include="include\clBLAS\example_chemm.h">
      <Filter>头文件\clBLAS</Filter>
    </ClCompile>
    <ClCompile Include="src\clBLAS\example_chemm.cpp">
      <Filter>源文件\clBLAS</Filter>
    </ClCompile>
    <ClCompile Include="src\utils\clSTFT_class.cpp">
      <Filter>源文件\utils</Filter>
    </ClCompile>
    <ClCompile Include="src\core\clSTFT_core.cpp">
      <Filter>源文件\core</Filter>
    </ClCompile>
  </ItemGroup>
  <ItemGroup>
    <ClInclude Include="include\core\PlatAndDevice.h">
      <Filter>头文件\core</Filter>
    </ClInclude>
    <ClInclude Include="include\core\Vector_func.h">
      <Filter>头文件\core</Filter>
    </ClInclude>
    <ClInclude Include="include\utils\file.h">
      <Filter>头文件\utils</Filter>
    </ClInclude>
    <ClInclude Include="include\utils\time_chrono.h">
      <Filter>头文件\utils</Filter>
    </ClInclude>
    <ClInclude Include="include\clBLASALL.h">
      <Filter>头文件</Filter>
    </ClInclude>
    <ClInclude Include="include\utils\clSTFT_class.h">
      <Filter>头文件\utils</Filter>
    </ClInclude>
    <ClInclude Include="include\core\clSTFT_core.h">
      <Filter>头文件\core</Filter>
    </ClInclude>
    <ClInclude Include="include\core\clfft_class.h">
      <Filter>头文件\core</Filter>
    </ClInclude>
  </ItemGroup>
</Project>